
Microsoft Visual Studio Solution File, Format Version 12.00
# Visual Studio Version 17
VisualStudioVersion = 17.10.35122.118
MinimumVisualStudioVersion = 10.0.40219.1
Project("{9A19103F-16F7-4668-BE54-9A1E7A4F7556}") = "Ideal.Core.Common", "Ideal.Core.Common\Ideal.Core.Common.csproj", "{283F673A-3C86-44C8-99C4-E1F4F257CAD9}"
EndProject
Project("{9A19103F-16F7-4668-BE54-9A1E7A4F7556}") = "Ideal.Core.Common.Test", "Ideal.Core.Common.Test\Ideal.Core.Common.Test.csproj", "{4C12D3AB-2BFD-47F5-A637-1FD0A7719569}"
EndProject
Global
	GlobalSection(SolutionConfigurationPlatforms) = preSolution
		Debug|Any CPU = Debug|Any CPU
		Release|Any CPU = Release|Any CPU
	EndGlobalSection
	GlobalSection(ProjectConfigurationPlatforms) = postSolution
		{283F673A-3C86-44C8-99C4-E1F4F257CAD9}.Debug|Any CPU.ActiveCfg = Debug|Any CPU
		{283F673A-3C86-44C8-99C4-E1F4F257CAD9}.Debug|Any CPU.Build.0 = Debug|Any CPU
		{283F673A-3C86-44C8-99C4-E1F4F257CAD9}.Release|Any CPU.ActiveCfg = Release|Any CPU
		{283F673A-3C86-44C8-99C4-E1F4F257CAD9}.Release|Any CPU.Build.0 = Release|Any CPU
		{4C12D3AB-2BFD-47F5-A637-1FD0A7719569}.Debug|Any CPU.ActiveCfg = Debug|Any CPU
		{4C12D3AB-2BFD-47F5-A637-1FD0A7719569}.Debug|Any CPU.Build.0 = Debug|Any CPU
		{4C12D3AB-2BFD-47F5-A637-1FD0A7719569}.Release|Any CPU.ActiveCfg = Release|Any CPU
		{4C12D3AB-2BFD-47F5-A637-1FD0A7719569}.Release|Any CPU.Build.0 = Release|Any CPU
	EndGlobalSection
	GlobalSection(SolutionProperties) = preSolution
		HideSolutionNode = FALSE
	EndGlobalSection
	GlobalSection(ExtensibilityGlobals) = postSolution
		SolutionGuid = {8D7B77B1-3A31-466F-8197-983D36BA241C}
	EndGlobalSection
EndGlobal
